
Microsoft Visual Studio Solution File, Format Version 12.00
# Visual Studio Version 17
VisualStudioVersion = 17.4.33205.214
MinimumVisualStudioVersion = 10.0.40219.1
Project("{FAE04EC0-301F-11D3-BF4B-00C04F79EFBC}") = "Excel_1", "Excel_1\Excel_1.csproj", "{76914019-3486-40DB-A78F-519D2DFF417D}"
EndProject
Global
	GlobalSection(SolutionConfigurationPlatforms) = preSolution
		Debug|Any CPU = Debug|Any CPU
		Release|Any CPU = Release|Any CPU
	EndGlobalSection
	GlobalSection(ProjectConfigurationPlatforms) = postSolution
		{76914019-3486-40DB-A78F-519D2DFF417D}.Debug|Any CPU.ActiveCfg = Debug|Any CPU
		{76914019-3486-40DB-A78F-519D2DFF417D}.Debug|Any CPU.Build.0 = Debug|Any CPU
		{76914019-3486-40DB-A78F-519D2DFF417D}.Release|Any CPU.ActiveCfg = Release|Any CPU
		{76914019-3486-40DB-A78F-519D2DFF417D}.Release|Any CPU.Build.0 = Release|Any CPU
	EndGlobalSection
	GlobalSection(SolutionProperties) = preSolution
		HideSolutionNode = FALSE
	EndGlobalSection
	GlobalSection(ExtensibilityGlobals) = postSolution
		SolutionGuid = {8944D3A0-6941-40B0-B665-E2D3BECE3AC1}
	EndGlobalSection
EndGlobal
